
Microsoft Visual Studio Solution File, Format Version 12.00
# Visual Studio Version 17
VisualStudioVersion = 17.7.34031.279
MinimumVisualStudioVersion = 10.0.40219.1
Project("{FAE04EC0-301F-11D3-BF4B-00C04F79EFBC}") = "Person.API", "Person.API\Person.API.csproj", "{DD09EEF4-CC86-4D5B-B13F-A2F6D84E9B5F}"
EndProject
Project("{FAE04EC0-301F-11D3-BF4B-00C04F79EFBC}") = "Person.Business", "Person.Business\Person.Business.csproj", "{2D4DBBDE-DF97-48D2-BA1B-61B768A21008}"
EndProject
Project("{FAE04EC0-301F-11D3-BF4B-00C04F79EFBC}") = "Person.Data", "Person.Data\Person.Data.csproj", "{ACA187CB-50AA-4311-A46D-97757D6B57A1}"
EndProject
Global
	GlobalSection(SolutionConfigurationPlatforms) = preSolution
		Debug|Any CPU = Debug|Any CPU
		Release|Any CPU = Release|Any CPU
	EndGlobalSection
	GlobalSection(ProjectConfigurationPlatforms) = postSolution
		{DD09EEF4-CC86-4D5B-B13F-A2F6D84E9B5F}.Debug|Any CPU.ActiveCfg = Debug|Any CPU
		{DD09EEF4-CC86-4D5B-B13F-A2F6D84E9B5F}.Debug|Any CPU.Build.0 = Debug|Any CPU
		{DD09EEF4-CC86-4D5B-B13F-A2F6D84E9B5F}.Release|Any CPU.ActiveCfg = Release|Any CPU
		{DD09EEF4-CC86-4D5B-B13F-A2F6D84E9B5F}.Release|Any CPU.Build.0 = Release|Any CPU
		{2D4DBBDE-DF97-48D2-BA1B-61B768A21008}.Debug|Any CPU.ActiveCfg = Debug|Any CPU
		{2D4DBBDE-DF97-48D2-BA1B-61B768A21008}.Debug|Any CPU.Build.0 = Debug|Any CPU
		{2D4DBBDE-DF97-48D2-BA1B-61B768A21008}.Release|Any CPU.ActiveCfg = Release|Any CPU
		{2D4DBBDE-DF97-48D2-BA1B-61B768A21008}.Release|Any CPU.Build.0 = Release|Any CPU
		{ACA187CB-50AA-4311-A46D-97757D6B57A1}.Debug|Any CPU.ActiveCfg = Debug|Any CPU
		{ACA187CB-50AA-4311-A46D-97757D6B57A1}.Debug|Any CPU.Build.0 = Debug|Any CPU
		{ACA187CB-50AA-4311-A46D-97757D6B57A1}.Release|Any CPU.ActiveCfg = Release|Any CPU
		{ACA187CB-50AA-4311-A46D-97757D6B57A1}.Release|Any CPU.Build.0 = Release|Any CPU
	EndGlobalSection
	GlobalSection(SolutionProperties) = preSolution
		HideSolutionNode = FALSE
	EndGlobalSection
	GlobalSection(ExtensibilityGlobals) = postSolution
		SolutionGuid = {914AA227-5792-46FC-A178-BE17D77C224A}
	EndGlobalSection
EndGlobal
